// !$*UTF8*$!
{
	archiveVersion = 1;
	classes = {
	};
	objectVersion = 50;
	objects = {

/* Begin PBXBuildFile section */
		1F0A483426B43540009373C5 /* ReminderApp.swift in Sources */ = {isa = PBXBuildFile; fileRef = 1F0A482126B4353E009373C5 /* ReminderApp.swift */; };
		1F0A483526B43540009373C5 /* ReminderApp.swift in Sources */ = {isa = PBXBuildFile; fileRef = 1F0A482126B4353E009373C5 /* ReminderApp.swift */; };
		1F0A483626B43540009373C5 /* OverviewView.swift in Sources */ = {isa = PBXBuildFile; fileRef = 1F0A482226B4353E009373C5 /* OverviewView.swift */; };
		1F0A483726B43540009373C5 /* OverviewView.swift in Sources */ = {isa = PBXBuildFile; fileRef = 1F0A482226B4353E009373C5 /* OverviewView.swift */; };
		1F0A483826B43540009373C5 /* Assets.xcassets in Resources */ = {isa = PBXBuildFile; fileRef = 1F0A482326B43540009373C5 /* Assets.xcassets */; };
		1F0A483926B43540009373C5 /* Assets.xcassets in Resources */ = {isa = PBXBuildFile; fileRef = 1F0A482326B43540009373C5 /* Assets.xcassets */; };
		1F10493126B6E81400C5612C /* ReminderPerspective.swift in Sources */ = {isa = PBXBuildFile; fileRef = 1F10493026B6E81400C5612C /* ReminderPerspective.swift */; };
		1F10493226B6E81400C5612C /* ReminderPerspective.swift in Sources */ = {isa = PBXBuildFile; fileRef = 1F10493026B6E81400C5612C /* ReminderPerspective.swift */; };
		1F10493626B6E85000C5612C /* Array+chunked.swift in Sources */ = {isa = PBXBuildFile; fileRef = 1F10493526B6E85000C5612C /* Array+chunked.swift */; };
		1F10493726B6E85000C5612C /* Array+chunked.swift in Sources */ = {isa = PBXBuildFile; fileRef = 1F10493526B6E85000C5612C /* Array+chunked.swift */; };
		1F10494326B6F4E900C5612C /* ReminderPerspectiveCellView.swift in Sources */ = {isa = PBXBuildFile; fileRef = 1F10494226B6F4E900C5612C /* ReminderPerspectiveCellView.swift */; };
		1F10494426B6F4E900C5612C /* ReminderPerspectiveCellView.swift in Sources */ = {isa = PBXBuildFile; fileRef = 1F10494226B6F4E900C5612C /* ReminderPerspectiveCellView.swift */; };
		1F10494E26B6F66200C5612C /* ReminderPerspectiveListView.swift in Sources */ = {isa = PBXBuildFile; fileRef = 1F10494D26B6F66200C5612C /* ReminderPerspectiveListView.swift */; };
		1F10494F26B6F66200C5612C /* ReminderPerspectiveListView.swift in Sources */ = {isa = PBXBuildFile; fileRef = 1F10494D26B6F66200C5612C /* ReminderPerspectiveListView.swift */; };
		1F10495326B6FA5B00C5612C /* ReminderPerspectiveEditCellView.swift in Sources */ = {isa = PBXBuildFile; fileRef = 1F10495226B6FA5B00C5612C /* ReminderPerspectiveEditCellView.swift */; };
		1F10495426B6FA5B00C5612C /* ReminderPerspectiveEditCellView.swift in Sources */ = {isa = PBXBuildFile; fileRef = 1F10495226B6FA5B00C5612C /* ReminderPerspectiveEditCellView.swift */; };
		1F10495A26B6FC8D00C5612C /* ReminderCollectionCellView.swift in Sources */ = {isa = PBXBuildFile; fileRef = 1F10495926B6FC8D00C5612C /* ReminderCollectionCellView.swift */; };
		1F10495B26B6FC8D00C5612C /* ReminderCollectionCellView.swift in Sources */ = {isa = PBXBuildFile; fileRef = 1F10495926B6FC8D00C5612C /* ReminderCollectionCellView.swift */; };
		1F1E00B426B437610058150D /* MyListsView.swift in Sources */ = {isa = PBXBuildFile; fileRef = 1F1E00B326B437610058150D /* MyListsView.swift */; };
		1F1E00B526B437610058150D /* MyListsView.swift in Sources */ = {isa = PBXBuildFile; fileRef = 1F1E00B326B437610058150D /* MyListsView.swift */; };
		1F1E00B926B437900058150D /* ReminderCollection.swift in Sources */ = {isa = PBXBuildFile; fileRef = 1F1E00B826B437900058150D /* ReminderCollection.swift */; };
		1F1E00BA26B437900058150D /* ReminderCollection.swift in Sources */ = {isa = PBXBuildFile; fileRef = 1F1E00B826B437900058150D /* ReminderCollection.swift */; };
		1F1E00BE26B438080058150D /* CreateListView.swift in Sources */ = {isa = PBXBuildFile; fileRef = 1F1E00BD26B438080058150D /* CreateListView.swift */; };
		1F1E00BF26B438080058150D /* CreateListView.swift in Sources */ = {isa = PBXBuildFile; fileRef = 1F1E00BD26B438080058150D /* CreateListView.swift */; };
		1F1E00C326B43A930058150D /* IconView.swift in Sources */ = {isa = PBXBuildFile; fileRef = 1F1E00C226B43A930058150D /* IconView.swift */; };
		1F1E00C426B43A930058150D /* IconView.swift in Sources */ = {isa = PBXBuildFile; fileRef = 1F1E00C226B43A930058150D /* IconView.swift */; };
		1F5794FA26B4790F00368DCF /* EditReminderCollectionView.swift in Sources */ = {isa = PBXBuildFile; fileRef = 1F5794F926B4790F00368DCF /* EditReminderCollectionView.swift */; };
		1F5794FB26B4790F00368DCF /* EditReminderCollectionView.swift in Sources */ = {isa = PBXBuildFile; fileRef = 1F5794F926B4790F00368DCF /* EditReminderCollectionView.swift */; };
		1F5794FF26B47BAD00368DCF /* GridListView.swift in Sources */ = {isa = PBXBuildFile; fileRef = 1F5794FE26B47BAD00368DCF /* GridListView.swift */; };
		1F57950026B47BAD00368DCF /* GridListView.swift in Sources */ = {isa = PBXBuildFile; fileRef = 1F5794FE26B47BAD00368DCF /* GridListView.swift */; };
/* End PBXBuildFile section */

/* Begin PBXFileReference section */
		1F0A482126B4353E009373C5 /* ReminderApp.swift */ = {isa = PBXFileReference; lastKnownFileType = sourcecode.swift; path = ReminderApp.swift; sourceTree = "<group>"; };
		1F0A482226B4353E009373C5 /* OverviewView.swift */ = {isa = PBXFileReference; lastKnownFileType = sourcecode.swift; path = OverviewView.swift; sourceTree = "<group>"; };
		1F0A482326B43540009373C5 /* Assets.xcassets */ = {isa = PBXFileReference; lastKnownFileType = folder.assetcatalog; path = Assets.xcassets; sourceTree = "<group>"; };
		1F0A482826B43540009373C5 /* Reminder.app */ = {isa = PBXFileReference; explicitFileType = wrapper.application; includeInIndex = 0; path = Reminder.app; sourceTree = BUILT_PRODUCTS_DIR; };
		1F0A482B26B43540009373C5 /* Info.plist */ = {isa = PBXFileReference; lastKnownFileType = text.plist.xml; path = Info.plist; sourceTree = "<group>"; };
		1F0A483026B43540009373C5 /* Reminder.app */ = {isa = PBXFileReference; explicitFileType = wrapper.application; includeInIndex = 0; path = Reminder.app; sourceTree = BUILT_PRODUCTS_DIR; };
		1F0A483226B43540009373C5 /* Info.plist */ = {isa = PBXFileReference; lastKnownFileType = text.plist.xml; path = Info.plist; sourceTree = "<group>"; };
		1F0A483326B43540009373C5 /* macOS.entitlements */ = {isa = PBXFileReference; lastKnownFileType = text.plist.entitlements; path = macOS.entitlements; sourceTree = "<group>"; };
		1F10493026B6E81400C5612C /* ReminderPerspective.swift */ = {isa = PBXFileReference; lastKnownFileType = sourcecode.swift; path = ReminderPerspective.swift; sourceTree = "<group>"; };
		1F10493526B6E85000C5612C /* Array+chunked.swift */ = {isa = PBXFileReference; lastKnownFileType = sourcecode.swift; path = "Array+chunked.swift"; sourceTree = "<group>"; };
		1F10494226B6F4E900C5612C /* ReminderPerspectiveCellView.swift */ = {isa = PBXFileReference; lastKnownFileType = sourcecode.swift; path = ReminderPerspectiveCellView.swift; sourceTree = "<group>"; };
		1F10494D26B6F66200C5612C /* ReminderPerspectiveListView.swift */ = {isa = PBXFileReference; lastKnownFileType = sourcecode.swift; path = ReminderPerspectiveListView.swift; sourceTree = "<group>"; };
		1F10495226B6FA5B00C5612C /* ReminderPerspectiveEditCellView.swift */ = {isa = PBXFileReference; lastKnownFileType = sourcecode.swift; path = ReminderPerspectiveEditCellView.swift; sourceTree = "<group>"; };
		1F10495926B6FC8D00C5612C /* ReminderCollectionCellView.swift */ = {isa = PBXFileReference; lastKnownFileType = sourcecode.swift; path = ReminderCollectionCellView.swift; sourceTree = "<group>"; };
		1F1E00B326B437610058150D /* MyListsView.swift */ = {isa = PBXFileReference; lastKnownFileType = sourcecode.swift; path = MyListsView.swift; sourceTree = "<group>"; };
		1F1E00B826B437900058150D /* ReminderCollection.swift */ = {isa = PBXFileReference; lastKnownFileType = sourcecode.swift; path = ReminderCollection.swift; sourceTree = "<group>"; };
		1F1E00BD26B438080058150D /* CreateListView.swift */ = {isa = PBXFileReference; lastKnownFileType = sourcecode.swift; path = CreateListView.swift; sourceTree = "<group>"; };
		1F1E00C226B43A930058150D /* IconView.swift */ = {isa = PBXFileReference; lastKnownFileType = sourcecode.swift; path = IconView.swift; sourceTree = "<group>"; };
		1F5794F926B4790F00368DCF /* EditReminderCollectionView.swift */ = {isa = PBXFileReference; lastKnownFileType = sourcecode.swift; path = EditReminderCollectionView.swift; sourceTree = "<group>"; };
		1F5794FE26B47BAD00368DCF /* GridListView.swift */ = {isa = PBXFileReference; lastKnownFileType = sourcecode.swift; path = GridListView.swift; sourceTree = "<group>"; };
/* End PBXFileReference section */

/* Begin PBXFrameworksBuildPhase section */
		1F0A482526B43540009373C5 /* Frameworks */ = {
			isa = PBXFrameworksBuildPhase;
			buildActionMask = 2147483647;
			files = (
			);
			runOnlyForDeploymentPostprocessing = 0;
		};
		1F0A482D26B43540009373C5 /* Frameworks */ = {
			isa = PBXFrameworksBuildPhase;
			buildActionMask = 2147483647;
			files = (
			);
			runOnlyForDeploymentPostprocessing = 0;
		};
/* End PBXFrameworksBuildPhase section */

/* Begin PBXGroup section */
		1F0A481B26B4353E009373C5 = {
			isa = PBXGroup;
			children = (
				1F0A482026B4353E009373C5 /* Shared */,
				1F0A482A26B43540009373C5 /* iOS */,
				1F0A483126B43540009373C5 /* macOS */,
				1F0A482926B43540009373C5 /* Products */,
			);
			sourceTree = "<group>";
		};
		1F0A482026B4353E009373C5 /* Shared */ = {
			isa = PBXGroup;
			children = (
				1F10493526B6E85000C5612C /* Array+chunked.swift */,
				1F0A482326B43540009373C5 /* Assets.xcassets */,
				1F1E00BD26B438080058150D /* CreateListView.swift */,
				1F5794F926B4790F00368DCF /* EditReminderCollectionView.swift */,
				1F5794FE26B47BAD00368DCF /* GridListView.swift */,
				1F1E00C226B43A930058150D /* IconView.swift */,
				1F1E00B326B437610058150D /* MyListsView.swift */,
				1F0A482226B4353E009373C5 /* OverviewView.swift */,
				1F0A482126B4353E009373C5 /* ReminderApp.swift */,
				1F1E00B826B437900058150D /* ReminderCollection.swift */,
				1F10495926B6FC8D00C5612C /* ReminderCollectionCellView.swift */,
				1F10493026B6E81400C5612C /* ReminderPerspective.swift */,
				1F10494226B6F4E900C5612C /* ReminderPerspectiveCellView.swift */,
				1F10495226B6FA5B00C5612C /* ReminderPerspectiveEditCellView.swift */,
				1F10494D26B6F66200C5612C /* ReminderPerspectiveListView.swift */,
			);
			path = Shared;
			sourceTree = "<group>";
		};
		1F0A482926B43540009373C5 /* Products */ = {
			isa = PBXGroup;
			children = (
				1F0A482826B43540009373C5 /* Reminder.app */,
				1F0A483026B43540009373C5 /* Reminder.app */,
			);
			name = Products;
			sourceTree = "<group>";
		};
		1F0A482A26B43540009373C5 /* iOS */ = {
			isa = PBXGroup;
			children = (
				1F0A482B26B43540009373C5 /* Info.plist */,
			);
			path = iOS;
			sourceTree = "<group>";
		};
		1F0A483126B43540009373C5 /* macOS */ = {
			isa = PBXGroup;
			children = (
				1F0A483226B43540009373C5 /* Info.plist */,
				1F0A483326B43540009373C5 /* macOS.entitlements */,
			);
			path = macOS;
			sourceTree = "<group>";
		};
/* End PBXGroup section */

/* Begin PBXNativeTarget section */
		1F0A482726B43540009373C5 /* Reminder (iOS) */ = {
			isa = PBXNativeTarget;
			buildConfigurationList = 1F0A483C26B43540009373C5 /* Build configuration list for PBXNativeTarget "Reminder (iOS)" */;
			buildPhases = (
				1F0A482426B43540009373C5 /* Sources */,
				1F0A482526B43540009373C5 /* Frameworks */,
				1F0A482626B43540009373C5 /* Resources */,
			);
			buildRules = (
			);
			dependencies = (
			);
			name = "Reminder (iOS)";
			productName = "Reminder (iOS)";
			productReference = 1F0A482826B43540009373C5 /* Reminder.app */;
			productType = "com.apple.product-type.application";
		};
		1F0A482F26B43540009373C5 /* Reminder (macOS) */ = {
			isa = PBXNativeTarget;
			buildConfigurationList = 1F0A483F26B43540009373C5 /* Build configuration list for PBXNativeTarget "Reminder (macOS)" */;
			buildPhases = (
				1F0A482C26B43540009373C5 /* Sources */,
				1F0A482D26B43540009373C5 /* Frameworks */,
				1F0A482E26B43540009373C5 /* Resources */,
			);
			buildRules = (
			);
			dependencies = (
			);
			name = "Reminder (macOS)";
			productName = "Reminder (macOS)";
			productReference = 1F0A483026B43540009373C5 /* Reminder.app */;
			productType = "com.apple.product-type.application";
		};
/* End PBXNativeTarget section */

/* Begin PBXProject section */
		1F0A481C26B4353E009373C5 /* Project object */ = {
			isa = PBXProject;
			attributes = {
				LastSwiftUpdateCheck = 1240;
				LastUpgradeCheck = 1240;
				TargetAttributes = {
					1F0A482726B43540009373C5 = {
						CreatedOnToolsVersion = 12.4;
					};
					1F0A482F26B43540009373C5 = {
						CreatedOnToolsVersion = 12.4;
					};
				};
			};
			buildConfigurationList = 1F0A481F26B4353E009373C5 /* Build configuration list for PBXProject "Reminder" */;
			compatibilityVersion = "Xcode 9.3";
			developmentRegion = en;
			hasScannedForEncodings = 0;
			knownRegions = (
				en,
				Base,
			);
			mainGroup = 1F0A481B26B4353E009373C5;
			productRefGroup = 1F0A482926B43540009373C5 /* Products */;
			projectDirPath = "";
			projectRoot = "";
			targets = (
				1F0A482726B43540009373C5 /* Reminder (iOS) */,
				1F0A482F26B43540009373C5 /* Reminder (macOS) */,
			);
		};
/* End PBXProject section */

/* Begin PBXResourcesBuildPhase section */
		1F0A482626B43540009373C5 /* Resources */ = {
			isa = PBXResourcesBuildPhase;
			buildActionMask = 2147483647;
			files = (
				1F0A483826B43540009373C5 /* Assets.xcassets in Resources */,
			);
			runOnlyForDeploymentPostprocessing = 0;
		};
		1F0A482E26B43540009373C5 /* Resources */ = {
			isa = PBXResourcesBuildPhase;
			buildActionMask = 2147483647;
			files = (
				1F0A483926B43540009373C5 /* Assets.xcassets in Resources */,
			);
			runOnlyForDeploymentPostprocessing = 0;
		};
/* End PBXResourcesBuildPhase section */

/* Begin PBXSourcesBuildPhase section */
		1F0A482426B43540009373C5 /* Sources */ = {
			isa = PBXSourcesBuildPhase;
			buildActionMask = 2147483647;
			files = (
				1F0A483626B43540009373C5 /* OverviewView.swift in Sources */,
				1F10494E26B6F66200C5612C /* ReminderPerspectiveListView.swift in Sources */,
				1F10493126B6E81400C5612C /* ReminderPerspective.swift in Sources */,
				1F1E00C326B43A930058150D /* IconView.swift in Sources */,
				1F10495326B6FA5B00C5612C /* ReminderPerspectiveEditCellView.swift in Sources */,
				1F5794FF26B47BAD00368DCF /* GridListView.swift in Sources */,
				1F10493626B6E85000C5612C /* Array+chunked.swift in Sources */,
				1F1E00B926B437900058150D /* ReminderCollection.swift in Sources */,
				1F10495A26B6FC8D00C5612C /* ReminderCollectionCellView.swift in Sources */,
				1F10494326B6F4E900C5612C /* ReminderPerspectiveCellView.swift in Sources */,
				1F1E00BE26B438080058150D /* CreateListView.swift in Sources */,
				1F0A483426B43540009373C5 /* ReminderApp.swift in Sources */,
				1F1E00B426B437610058150D /* MyListsView.swift in Sources */,
				1F5794FA26B4790F00368DCF /* EditReminderCollectionView.swift in Sources */,
			);
			runOnlyForDeploymentPostprocessing = 0;
		};
		1F0A482C26B43540009373C5 /* Sources */ = {
			isa = PBXSourcesBuildPhase;
			buildActionMask = 2147483647;
			files = (
				1F0A483726B43540009373C5 /* OverviewView.swift in Sources */,
				1F10494F26B6F66200C5612C /* ReminderPerspectiveListView.swift in Sources */,
				1F10493226B6E81400C5612C /* ReminderPerspective.swift in Sources */,
				1F1E00C426B43A930058150D /* IconView.swift in Sources */,
				1F10495426B6FA5B00C5612C /* ReminderPerspectiveEditCellView.swift in Sources */,
				1F57950026B47BAD00368DCF /* GridListView.swift in Sources */,
				1F10493726B6E85000C5612C /* Array+chunked.swift in Sources */,
				1F1E00BA26B437900058150D /* ReminderCollection.swift in Sources */,
				1F10495B26B6FC8D00C5612C /* ReminderCollectionCellView.swift in Sources */,
				1F10494426B6F4E900C5612C /* ReminderPerspectiveCellView.swift in Sources */,
				1F1E00BF26B438080058150D /* CreateListView.swift in Sources */,
				1F0A483526B43540009373C5 /* ReminderApp.swift in Sources */,
				1F1E00B526B437610058150D /* MyListsView.swift in Sources */,
				1F5794FB26B4790F00368DCF /* EditReminderCollectionView.swift in Sources */,
			);
			runOnlyForDeploymentPostprocessing = 0;
		};
/* End PBXSourcesBuildPhase section */

/* Begin XCBuildConfiguration section */
		1F0A483A26B43540009373C5 /* Debug */ = {
			isa = XCBuildConfiguration;
			buildSettings = {
				ALWAYS_SEARCH_USER_PATHS = NO;
				CLANG_ANALYZER_NONNULL = YES;
				CLANG_ANALYZER_NUMBER_OBJECT_CONVERSION = YES_AGGRESSIVE;
				CLANG_CXX_LANGUAGE_STANDARD = "gnu++14";
				CLANG_CXX_LIBRARY = "libc++";
				CLANG_ENABLE_MODULES = YES;
				CLANG_ENABLE_OBJC_ARC = YES;
				CLANG_ENABLE_OBJC_WEAK = YES;
				CLANG_WARN_BLOCK_CAPTURE_AUTORELEASING = YES;
				CLANG_WARN_BOOL_CONVERSION = YES;
				CLANG_WARN_COMMA = YES;
				CLANG_WARN_CONSTANT_CONVERSION = YES;
				CLANG_WARN_DEPRECATED_OBJC_IMPLEMENTATIONS = YES;
				CLANG_WARN_DIRECT_OBJC_ISA_USAGE = YES_ERROR;
				CLANG_WARN_DOCUMENTATION_COMMENTS = YES;
				CLANG_WARN_EMPTY_BODY = YES;
				CLANG_WARN_ENUM_CONVERSION = YES;
				CLANG_WARN_INFINITE_RECURSION = YES;
				CLANG_WARN_INT_CONVERSION = YES;
				CLANG_WARN_NON_LITERAL_NULL_CONVERSION = YES;
				CLANG_WARN_OBJC_IMPLICIT_RETAIN_SELF = YES;
				CLANG_WARN_OBJC_LITERAL_CONVERSION = YES;
				CLANG_WARN_OBJC_ROOT_CLASS = YES_ERROR;
				CLANG_WARN_QUOTED_INCLUDE_IN_FRAMEWORK_HEADER = YES;
				CLANG_WARN_RANGE_LOOP_ANALYSIS = YES;
				CLANG_WARN_STRICT_PROTOTYPES = YES;
				CLANG_WARN_SUSPICIOUS_MOVE = YES;
				CLANG_WARN_UNGUARDED_AVAILABILITY = YES_AGGRESSIVE;
				CLANG_WARN_UNREACHABLE_CODE = YES;
				CLANG_WARN__DUPLICATE_METHOD_MATCH = YES;
				COPY_PHASE_STRIP = NO;
				DEBUG_INFORMATION_FORMAT = dwarf;
				ENABLE_STRICT_OBJC_MSGSEND = YES;
				ENABLE_TESTABILITY = YES;
				GCC_C_LANGUAGE_STANDARD = gnu11;
				GCC_DYNAMIC_NO_PIC = NO;
				GCC_NO_COMMON_BLOCKS = YES;
				GCC_OPTIMIZATION_LEVEL = 0;
				GCC_PREPROCESSOR_DEFINITIONS = (
					"DEBUG=1",
					"$(inherited)",
				);
				GCC_WARN_64_TO_32_BIT_CONVERSION = YES;
				GCC_WARN_ABOUT_RETURN_TYPE = YES_ERROR;
				GCC_WARN_UNDECLARED_SELECTOR = YES;
				GCC_WARN_UNINITIALIZED_AUTOS = YES_AGGRESSIVE;
				GCC_WARN_UNUSED_FUNCTION = YES;
				GCC_WARN_UNUSED_VARIABLE = YES;
				MTL_ENABLE_DEBUG_INFO = INCLUDE_SOURCE;
				MTL_FAST_MATH = YES;
				ONLY_ACTIVE_ARCH = YES;
				SWIFT_ACTIVE_COMPILATION_CONDITIONS = DEBUG;
				SWIFT_OPTIMIZATION_LEVEL = "-Onone";
			};
			name = Debug;
		};
		1F0A483B26B43540009373C5 /* Release */ = {
			isa = XCBuildConfiguration;
			buildSettings = {
				ALWAYS_SEARCH_USER_PATHS = NO;
				CLANG_ANALYZER_NONNULL = YES;
				CLANG_ANALYZER_NUMBER_OBJECT_CONVERSION = YES_AGGRESSIVE;
				CLANG_CXX_LANGUAGE_STANDARD = "gnu++14";
				CLANG_CXX_LIBRARY = "libc++";
				CLANG_ENABLE_MODULES = YES;
				CLANG_ENABLE_OBJC_ARC = YES;
				CLANG_ENABLE_OBJC_WEAK = YES;
				CLANG_WARN_BLOCK_CAPTURE_AUTORELEASING = YES;
				CLANG_WARN_BOOL_CONVERSION = YES;
				CLANG_WARN_COMMA = YES;
				CLANG_WARN_CONSTANT_CONVERSION = YES;
				CLANG_WARN_DEPRECATED_OBJC_IMPLEMENTATIONS = YES;
				CLANG_WARN_DIRECT_OBJC_ISA_USAGE = YES_ERROR;
				CLANG_WARN_DOCUMENTATION_COMMENTS = YES;
				CLANG_WARN_EMPTY_BODY = YES;
				CLANG_WARN_ENUM_CONVERSION = YES;
				CLANG_WARN_INFINITE_RECURSION = YES;
				CLANG_WARN_INT_CONVERSION = YES;
				CLANG_WARN_NON_LITERAL_NULL_CONVERSION = YES;
				CLANG_WARN_OBJC_IMPLICIT_RETAIN_SELF = YES;
				CLANG_WARN_OBJC_LITERAL_CONVERSION = YES;
				CLANG_WARN_OBJC_ROOT_CLASS = YES_ERROR;
				CLANG_WARN_QUOTED_INCLUDE_IN_FRAMEWORK_HEADER = YES;
				CLANG_WARN_RANGE_LOOP_ANALYSIS = YES;
				CLANG_WARN_STRICT_PROTOTYPES = YES;
				CLANG_WARN_SUSPICIOUS_MOVE = YES;
				CLANG_WARN_UNGUARDED_AVAILABILITY = YES_AGGRESSIVE;
				CLANG_WARN_UNREACHABLE_CODE = YES;
				CLANG_WARN__DUPLICATE_METHOD_MATCH = YES;
				COPY_PHASE_STRIP = NO;
				DEBUG_INFORMATION_FORMAT = "dwarf-with-dsym";
				ENABLE_NS_ASSERTIONS = NO;
				ENABLE_STRICT_OBJC_MSGSEND = YES;
				GCC_C_LANGUAGE_STANDARD = gnu11;
				GCC_NO_COMMON_BLOCKS = YES;
				GCC_WARN_64_TO_32_BIT_CONVERSION = YES;
				GCC_WARN_ABOUT_RETURN_TYPE = YES_ERROR;
				GCC_WARN_UNDECLARED_SELECTOR = YES;
				GCC_WARN_UNINITIALIZED_AUTOS = YES_AGGRESSIVE;
				GCC_WARN_UNUSED_FUNCTION = YES;
				GCC_WARN_UNUSED_VARIABLE = YES;
				MTL_ENABLE_DEBUG_INFO = NO;
				MTL_FAST_MATH = YES;
				SWIFT_COMPILATION_MODE = wholemodule;
				SWIFT_OPTIMIZATION_LEVEL = "-O";
			};
			name = Release;
		};
		1F0A483D26B43540009373C5 /* Debug */ = {
			isa = XCBuildConfiguration;
			buildSettings = {
				ASSETCATALOG_COMPILER_APPICON_NAME = AppIcon;
				ASSETCATALOG_COMPILER_GLOBAL_ACCENT_COLOR_NAME = AccentColor;
				CODE_SIGN_STYLE = Automatic;
				DEVELOPMENT_TEAM = H5Q9LM59UF;
				ENABLE_PREVIEWS = YES;
				INFOPLIST_FILE = iOS/Info.plist;
				IPHONEOS_DEPLOYMENT_TARGET = 14.0;
				LD_RUNPATH_SEARCH_PATHS = (
					"$(inherited)",
					"@executable_path/Frameworks",
				);
				PRODUCT_BUNDLE_IDENTIFIER = mafo5.swiftui.Reminder;
				PRODUCT_NAME = Reminder;
				SDKROOT = iphoneos;
				SWIFT_VERSION = 5.0;
				TARGETED_DEVICE_FAMILY = "1,2";
			};
			name = Debug;
		};
		1F0A483E26B43540009373C5 /* Release */ = {
			isa = XCBuildConfiguration;
			buildSettings = {
				ASSETCATALOG_COMPILER_APPICON_NAME = AppIcon;
				ASSETCATALOG_COMPILER_GLOBAL_ACCENT_COLOR_NAME = AccentColor;
				CODE_SIGN_STYLE = Automatic;
				DEVELOPMENT_TEAM = H5Q9LM59UF;
				ENABLE_PREVIEWS = YES;
				INFOPLIST_FILE = iOS/Info.plist;
				IPHONEOS_DEPLOYMENT_TARGET = 14.0;
				LD_RUNPATH_SEARCH_PATHS = (
					"$(inherited)",
					"@executable_path/Frameworks",
				);
				PRODUCT_BUNDLE_IDENTIFIER = mafo5.swiftui.Reminder;
				PRODUCT_NAME = Reminder;
				SDKROOT = iphoneos;
				SWIFT_VERSION = 5.0;
				TARGETED_DEVICE_FAMILY = "1,2";
				VALIDATE_PRODUCT = YES;
			};
			name = Release;
		};
		1F0A484026B43540009373C5 /* Debug */ = {
			isa = XCBuildConfiguration;
			buildSettings = {
				ASSETCATALOG_COMPILER_APPICON_NAME = AppIcon;
				ASSETCATALOG_COMPILER_GLOBAL_ACCENT_COLOR_NAME = AccentColor;
				CODE_SIGN_ENTITLEMENTS = macOS/macOS.entitlements;
				CODE_SIGN_STYLE = Automatic;
				COMBINE_HIDPI_IMAGES = YES;
				DEVELOPMENT_TEAM = H5Q9LM59UF;
				ENABLE_HARDENED_RUNTIME = YES;
				ENABLE_PREVIEWS = YES;
				INFOPLIST_FILE = macOS/Info.plist;
				LD_RUNPATH_SEARCH_PATHS = (
					"$(inherited)",
					"@executable_path/../Frameworks",
				);
				MACOSX_DEPLOYMENT_TARGET = 11.0;
				PRODUCT_BUNDLE_IDENTIFIER = mafo5.swiftui.Reminder;
				PRODUCT_NAME = Reminder;
				SDKROOT = macosx;
				SWIFT_VERSION = 5.0;
			};
			name = Debug;
		};
		1F0A484126B43540009373C5 /* Release */ = {
			isa = XCBuildConfiguration;
			buildSettings = {
				ASSETCATALOG_COMPILER_APPICON_NAME = AppIcon;
				ASSETCATALOG_COMPILER_GLOBAL_ACCENT_COLOR_NAME = AccentColor;
				CODE_SIGN_ENTITLEMENTS = macOS/macOS.entitlements;
				CODE_SIGN_STYLE = Automatic;
				COMBINE_HIDPI_IMAGES = YES;
				DEVELOPMENT_TEAM = H5Q9LM59UF;
				ENABLE_HARDENED_RUNTIME = YES;
				ENABLE_PREVIEWS = YES;
				INFOPLIST_FILE = macOS/Info.plist;
				LD_RUNPATH_SEARCH_PATHS = (
					"$(inherited)",
					"@executable_path/../Frameworks",
				);
				MACOSX_DEPLOYMENT_TARGET = 11.0;
				PRODUCT_BUNDLE_IDENTIFIER = mafo5.swiftui.Reminder;
				PRODUCT_NAME = Reminder;
				SDKROOT = macosx;
				SWIFT_VERSION = 5.0;
			};
			name = Release;
		};
/* End XCBuildConfiguration section */

/* Begin XCConfigurationList section */
		1F0A481F26B4353E009373C5 /* Build configuration list for PBXProject "Reminder" */ = {
			isa = XCConfigurationList;
			buildConfigurations = (
				1F0A483A26B43540009373C5 /* Debug */,
				1F0A483B26B43540009373C5 /* Release */,
			);
			defaultConfigurationIsVisible = 0;
			defaultConfigurationName = Release;
		};
		1F0A483C26B43540009373C5 /* Build configuration list for PBXNativeTarget "Reminder (iOS)" */ = {
			isa = XCConfigurationList;
			buildConfigurations = (
				1F0A483D26B43540009373C5 /* Debug */,
				1F0A483E26B43540009373C5 /* Release */,
			);
			defaultConfigurationIsVisible = 0;
			defaultConfigurationName = Release;
		};
		1F0A483F26B43540009373C5 /* Build configuration list for PBXNativeTarget "Reminder (macOS)" */ = {
			isa = XCConfigurationList;
			buildConfigurations = (
				1F0A484026B43540009373C5 /* Debug */,
				1F0A484126B43540009373C5 /* Release */,
			);
			defaultConfigurationIsVisible = 0;
			defaultConfigurationName = Release;
		};
/* End XCConfigurationList section */
	};
	rootObject = 1F0A481C26B4353E009373C5 /* Project object */;
}
